
Microsoft Visual Studio Solution File, Format Version 12.00
# Visual Studio Version 17
VisualStudioVersion = 17.2.32526.322
MinimumVisualStudioVersion = 10.0.40219.1
Project("{9A19103F-16F7-4668-BE54-9A1E7A4F7556}") = "DND5eAPI", "DND5eAPI\DND5eAPI.csproj", "{28E6490E-E66C-4AC2-9524-94E6AAA930E6}"
EndProject
Project("{00D1A9C2-B5F0-4AF3-8072-F6C62B433612}") = "DND5eDatabase", "DND5eDatabase\DND5eDatabase.sqlproj", "{6D3E1856-6A0B-4ECD-BB0E-57FB61337A78}"
EndProject
Global
	GlobalSection(SolutionConfigurationPlatforms) = preSolution
		Debug|Any CPU = Debug|Any CPU
		Release|Any CPU = Release|Any CPU
	EndGlobalSection
	GlobalSection(ProjectConfigurationPlatforms) = postSolution
		{28E6490E-E66C-4AC2-9524-94E6AAA930E6}.Debug|Any CPU.ActiveCfg = Debug|Any CPU
		{28E6490E-E66C-4AC2-9524-94E6AAA930E6}.Debug|Any CPU.Build.0 = Debug|Any CPU
		{28E6490E-E66C-4AC2-9524-94E6AAA930E6}.Release|Any CPU.ActiveCfg = Release|Any CPU
		{28E6490E-E66C-4AC2-9524-94E6AAA930E6}.Release|Any CPU.Build.0 = Release|Any CPU
		{6D3E1856-6A0B-4ECD-BB0E-57FB61337A78}.Debug|Any CPU.ActiveCfg = Debug|Any CPU
		{6D3E1856-6A0B-4ECD-BB0E-57FB61337A78}.Debug|Any CPU.Build.0 = Debug|Any CPU
		{6D3E1856-6A0B-4ECD-BB0E-57FB61337A78}.Debug|Any CPU.Deploy.0 = Debug|Any CPU
		{6D3E1856-6A0B-4ECD-BB0E-57FB61337A78}.Release|Any CPU.ActiveCfg = Release|Any CPU
		{6D3E1856-6A0B-4ECD-BB0E-57FB61337A78}.Release|Any CPU.Build.0 = Release|Any CPU
		{6D3E1856-6A0B-4ECD-BB0E-57FB61337A78}.Release|Any CPU.Deploy.0 = Release|Any CPU
	EndGlobalSection
	GlobalSection(SolutionProperties) = preSolution
		HideSolutionNode = FALSE
	EndGlobalSection
	GlobalSection(ExtensibilityGlobals) = postSolution
		SolutionGuid = {34A03161-E13B-45DD-B6D6-9940C78E8649}
	EndGlobalSection
EndGlobal
